
Microsoft Visual Studio Solution File, Format Version 12.00
# Visual Studio Version 17
VisualStudioVersion = 17.5.33530.505
MinimumVisualStudioVersion = 10.0.40219.1
Project("{9A19103F-16F7-4668-BE54-9A1E7A4F7556}") = "1_WhyLinq", "1_WhyLinq\1_WhyLinq.csproj", "{7DC130B4-5C24-4616-8263-9B1788026987}"
EndProject
Project("{9A19103F-16F7-4668-BE54-9A1E7A4F7556}") = "2_ExtensionMethods", "2_ExtensionMethods\2_ExtensionMethods.csproj", "{7B7C706B-DF52-4124-913F-9D93BB5A976E}"
EndProject
Project("{9A19103F-16F7-4668-BE54-9A1E7A4F7556}") = "3_FilteringOperators", "3_FilteringOperators\3_FilteringOperators.csproj", "{9898159C-C8E2-4145-97DB-8C9F778E46D5}"
EndProject
Project("{9A19103F-16F7-4668-BE54-9A1E7A4F7556}") = "4_GroupingOperators", "4_GroupingOperators\4_GroupingOperators.csproj", "{1A76D34D-D84A-47F8-A4DB-97E7BD7E0165}"
EndProject
Project("{9A19103F-16F7-4668-BE54-9A1E7A4F7556}") = "5_SortingOperators", "5_SortingOperators\5_SortingOperators.csproj", "{3D524105-A058-4D4F-BF86-EAFF3E26DE1A}"
EndProject
Project("{9A19103F-16F7-4668-BE54-9A1E7A4F7556}") = "6_ProjectionOperators", "6_ProjectionOperators\6_ProjectionOperators.csproj", "{478733DE-C5FD-4FB2-8A05-9D92AD942DC3}"
EndProject
Project("{FAE04EC0-301F-11D3-BF4B-00C04F79EFBC}") = "7_AggregationOperators", "7_AggregationOperators\7_AggregationOperators.csproj", "{EFA21FDE-EDBA-406F-898B-EE4BA9E7E3B0}"
EndProject
Project("{FAE04EC0-301F-11D3-BF4B-00C04F79EFBC}") = "8_QuantifiersOperators", "8_QuantifiersOperators\8_QuantifiersOperators.csproj", "{285E3F1C-546A-4B86-A0F3-78242E26FCDB}"
EndProject
Project("{FAE04EC0-301F-11D3-BF4B-00C04F79EFBC}") = "9_ElementsOperators", "9_ElementsOperators\9_ElementsOperators.csproj", "{F351157E-574E-4EBD-AFEA-FA41E1943A2F}"
EndProject
Global
	GlobalSection(SolutionConfigurationPlatforms) = preSolution
		Debug|Any CPU = Debug|Any CPU
		Release|Any CPU = Release|Any CPU
	EndGlobalSection
	GlobalSection(ProjectConfigurationPlatforms) = postSolution
		{7DC130B4-5C24-4616-8263-9B1788026987}.Debug|Any CPU.ActiveCfg = Debug|Any CPU
		{7DC130B4-5C24-4616-8263-9B1788026987}.Debug|Any CPU.Build.0 = Debug|Any CPU
		{7DC130B4-5C24-4616-8263-9B1788026987}.Release|Any CPU.ActiveCfg = Release|Any CPU
		{7DC130B4-5C24-4616-8263-9B1788026987}.Release|Any CPU.Build.0 = Release|Any CPU
		{7B7C706B-DF52-4124-913F-9D93BB5A976E}.Debug|Any CPU.ActiveCfg = Debug|Any CPU
		{7B7C706B-DF52-4124-913F-9D93BB5A976E}.Debug|Any CPU.Build.0 = Debug|Any CPU
		{7B7C706B-DF52-4124-913F-9D93BB5A976E}.Release|Any CPU.ActiveCfg = Release|Any CPU
		{7B7C706B-DF52-4124-913F-9D93BB5A976E}.Release|Any CPU.Build.0 = Release|Any CPU
		{9898159C-C8E2-4145-97DB-8C9F778E46D5}.Debug|Any CPU.ActiveCfg = Debug|Any CPU
		{9898159C-C8E2-4145-97DB-8C9F778E46D5}.Debug|Any CPU.Build.0 = Debug|Any CPU
		{9898159C-C8E2-4145-97DB-8C9F778E46D5}.Release|Any CPU.ActiveCfg = Release|Any CPU
		{9898159C-C8E2-4145-97DB-8C9F778E46D5}.Release|Any CPU.Build.0 = Release|Any CPU
		{1A76D34D-D84A-47F8-A4DB-97E7BD7E0165}.Debug|Any CPU.ActiveCfg = Debug|Any CPU
		{1A76D34D-D84A-47F8-A4DB-97E7BD7E0165}.Debug|Any CPU.Build.0 = Debug|Any CPU
		{1A76D34D-D84A-47F8-A4DB-97E7BD7E0165}.Release|Any CPU.ActiveCfg = Release|Any CPU
		{1A76D34D-D84A-47F8-A4DB-97E7BD7E0165}.Release|Any CPU.Build.0 = Release|Any CPU
		{3D524105-A058-4D4F-BF86-EAFF3E26DE1A}.Debug|Any CPU.ActiveCfg = Debug|Any CPU
		{3D524105-A058-4D4F-BF86-EAFF3E26DE1A}.Debug|Any CPU.Build.0 = Debug|Any CPU
		{3D524105-A058-4D4F-BF86-EAFF3E26DE1A}.Release|Any CPU.ActiveCfg = Release|Any CPU
		{3D524105-A058-4D4F-BF86-EAFF3E26DE1A}.Release|Any CPU.Build.0 = Release|Any CPU
		{478733DE-C5FD-4FB2-8A05-9D92AD942DC3}.Debug|Any CPU.ActiveCfg = Debug|Any CPU
		{478733DE-C5FD-4FB2-8A05-9D92AD942DC3}.Debug|Any CPU.Build.0 = Debug|Any CPU
		{478733DE-C5FD-4FB2-8A05-9D92AD942DC3}.Release|Any CPU.ActiveCfg = Release|Any CPU
		{478733DE-C5FD-4FB2-8A05-9D92AD942DC3}.Release|Any CPU.Build.0 = Release|Any CPU
		{EFA21FDE-EDBA-406F-898B-EE4BA9E7E3B0}.Debug|Any CPU.ActiveCfg = Debug|Any CPU
		{EFA21FDE-EDBA-406F-898B-EE4BA9E7E3B0}.Debug|Any CPU.Build.0 = Debug|Any CPU
		{EFA21FDE-EDBA-406F-898B-EE4BA9E7E3B0}.Release|Any CPU.ActiveCfg = Release|Any CPU
		{EFA21FDE-EDBA-406F-898B-EE4BA9E7E3B0}.Release|Any CPU.Build.0 = Release|Any CPU
		{285E3F1C-546A-4B86-A0F3-78242E26FCDB}.Debug|Any CPU.ActiveCfg = Debug|Any CPU
		{285E3F1C-546A-4B86-A0F3-78242E26FCDB}.Debug|Any CPU.Build.0 = Debug|Any CPU
		{285E3F1C-546A-4B86-A0F3-78242E26FCDB}.Release|Any CPU.ActiveCfg = Release|Any CPU
		{285E3F1C-546A-4B86-A0F3-78242E26FCDB}.Release|Any CPU.Build.0 = Release|Any CPU
		{F351157E-574E-4EBD-AFEA-FA41E1943A2F}.Debug|Any CPU.ActiveCfg = Debug|Any CPU
		{F351157E-574E-4EBD-AFEA-FA41E1943A2F}.Debug|Any CPU.Build.0 = Debug|Any CPU
		{F351157E-574E-4EBD-AFEA-FA41E1943A2F}.Release|Any CPU.ActiveCfg = Release|Any CPU
		{F351157E-574E-4EBD-AFEA-FA41E1943A2F}.Release|Any CPU.Build.0 = Release|Any CPU
	EndGlobalSection
	GlobalSection(SolutionProperties) = preSolution
		HideSolutionNode = FALSE
	EndGlobalSection
	GlobalSection(ExtensibilityGlobals) = postSolution
		SolutionGuid = {C3E0C4A4-D6B7-41CF-AF93-43B219CD1D8F}
	EndGlobalSection
EndGlobal
